
Microsoft Visual Studio Solution File, Format Version 12.00
# Visual Studio Version 17
VisualStudioVersion = 17.10.35013.160
MinimumVisualStudioVersion = 10.0.40219.1
Project("{FAE04EC0-301F-11D3-BF4B-00C04F79EFBC}") = "ChessLogic", "ChessLogic\ChessLogic.csproj", "{CD6115C2-7E1A-47A8-8EA0-860A0283E828}"
EndProject
Project("{FAE04EC0-301F-11D3-BF4B-00C04F79EFBC}") = "ChessUi", "ChessUi\ChessUi.csproj", "{BEF9322B-16C4-45A8-BA87-DEB194A1B68D}"
EndProject
Global
	GlobalSection(SolutionConfigurationPlatforms) = preSolution
		Debug|Any CPU = Debug|Any CPU
		Release|Any CPU = Release|Any CPU
	EndGlobalSection
	GlobalSection(ProjectConfigurationPlatforms) = postSolution
		{CD6115C2-7E1A-47A8-8EA0-860A0283E828}.Debug|Any CPU.ActiveCfg = Debug|Any CPU
		{CD6115C2-7E1A-47A8-8EA0-860A0283E828}.Debug|Any CPU.Build.0 = Debug|Any CPU
		{CD6115C2-7E1A-47A8-8EA0-860A0283E828}.Release|Any CPU.ActiveCfg = Release|Any CPU
		{CD6115C2-7E1A-47A8-8EA0-860A0283E828}.Release|Any CPU.Build.0 = Release|Any CPU
		{BEF9322B-16C4-45A8-BA87-DEB194A1B68D}.Debug|Any CPU.ActiveCfg = Debug|Any CPU
		{BEF9322B-16C4-45A8-BA87-DEB194A1B68D}.Debug|Any CPU.Build.0 = Debug|Any CPU
		{BEF9322B-16C4-45A8-BA87-DEB194A1B68D}.Release|Any CPU.ActiveCfg = Release|Any CPU
		{BEF9322B-16C4-45A8-BA87-DEB194A1B68D}.Release|Any CPU.Build.0 = Release|Any CPU
	EndGlobalSection
	GlobalSection(SolutionProperties) = preSolution
		HideSolutionNode = FALSE
	EndGlobalSection
	GlobalSection(ExtensibilityGlobals) = postSolution
		SolutionGuid = {AA8758BF-B9F3-4461-805B-B2194D6C97A7}
	EndGlobalSection
EndGlobal
